
Microsoft Visual Studio Solution File, Format Version 12.00
# Visual Studio 15
VisualStudioVersion = 15.0.26430.16
MinimumVisualStudioVersion = 10.0.40219.1
Project("{8BC9CEB8-8B4A-11D0-8D11-00A0C91BC942}") = "X", "X\X.vcxproj", "{6682BFD4-C79F-49BD-A114-6EE8FB79E8C3}"
EndProject
Project("{8BC9CEB8-8B4A-11D0-8D11-00A0C91BC942}") = "HelloX", "HelloX\HelloX.vcxproj", "{EB5B5272-E5BD-4C62-AA4D-CE7A2F6AE841}"
EndProject
Project("{8BC9CEB8-8B4A-11D0-8D11-00A0C91BC942}") = "HelloCellularAutomata", "HelloCellularAutomata\HelloCellularAutomata.vcxproj", "{9895E18B-E4D6-4376-87E3-49CF66A0AAC6}"
EndProject
Project("{2150E333-8FDC-42A3-9474-1A3956D46DE8}") = "Demos", "Demos", "{B23545E6-D618-46D6-9E0F-F314839BFA2B}"
EndProject
Project("{2150E333-8FDC-42A3-9474-1A3956D46DE8}") = "Externals", "Externals", "{856ED680-E9A4-400F-ADFF-D3C492DCA608}"
EndProject
Project("{8BC9CEB8-8B4A-11D0-8D11-00A0C91BC942}") = "DirectXTK_Desktop_2015", "X\External\DirectXTK\DirectXTK_Desktop_2015.vcxproj", "{E0B52AE7-E160-4D32-BF3F-910B785E5A8E}"
EndProject
Project("{8BC9CEB8-8B4A-11D0-8D11-00A0C91BC942}") = "HelloSprites", "HelloSprites\HelloSprites.vcxproj", "{3DED2BFA-B999-4D4F-A17D-D9192C4D883F}"
EndProject
Project("{2150E333-8FDC-42A3-9474-1A3956D46DE8}") = "Assignments", "Assignments", "{F6E69CB6-E810-42FC-9BC0-475FC6AF2D1A}"
EndProject
Project("{8BC9CEB8-8B4A-11D0-8D11-00A0C91BC942}") = "Pathfinding", "Pathfinding\Pathfinding.vcxproj", "{3F11736E-0631-4DFF-BA62-038A79CD881A}"
EndProject
Project("{8BC9CEB8-8B4A-11D0-8D11-00A0C91BC942}") = "AI_Library", "AI_Library\AI_Library.vcxproj", "{D904F5E5-B96D-45F0-A159-DE8C927FF554}"
EndProject
Project("{8BC9CEB8-8B4A-11D0-8D11-00A0C91BC942}") = "FSM", "FSM\FSM.vcxproj", "{8BAA3676-E5BB-4E1F-93D5-E6C9CF49F677}"
EndProject
Project("{8BC9CEB8-8B4A-11D0-8D11-00A0C91BC942}") = "Steering", "Steering\Steering.vcxproj", "{D1936A74-BCB9-4615-8BBE-529592CFAA68}"
EndProject
Project("{8BC9CEB8-8B4A-11D0-8D11-00A0C91BC942}") = "HelloPolygon", "HelloPolygon\HelloPolygon.vcxproj", "{94AB7501-768D-4988-82E8-B5CA0A207C69}"
EndProject
Project("{8BC9CEB8-8B4A-11D0-8D11-00A0C91BC942}") = "Civilians", "Civilians\Civilians.vcxproj", "{7A163699-B836-42B9-8B3E-D686B0F00DBE}"
EndProject
Project("{8BC9CEB8-8B4A-11D0-8D11-00A0C91BC942}") = "PhysicsLibrary", "PhysicsLibrary\PhysicsLibrary.vcxproj", "{61976813-9A9F-4027-9BF1-A844341E4F4B}"
EndProject
Project("{8BC9CEB8-8B4A-11D0-8D11-00A0C91BC942}") = "HelloBalls", "HelloPhysics\HelloPhysics.vcxproj", "{554621AE-2DBD-457F-A02A-EEE91989A825}"
EndProject
Project("{2150E333-8FDC-42A3-9474-1A3956D46DE8}") = "AI", "AI", "{369A9CDC-7297-4660-8EF5-B38AB26D02CD}"
EndProject
Project("{2150E333-8FDC-42A3-9474-1A3956D46DE8}") = "Physics", "Physics", "{B3D381DD-27A4-44DC-90CE-136617968BCC}"
EndProject
Project("{8BC9CEB8-8B4A-11D0-8D11-00A0C91BC942}") = "HelloGolfBall", "HelloGolfBall\HelloGolfBall.vcxproj", "{EA8822F0-B037-4E59-B25B-CD94DEAEC741}"
EndProject
Project("{8BC9CEB8-8B4A-11D0-8D11-00A0C91BC942}") = "HelloBezier", "HelloBezier\HelloBezier.vcxproj", "{3DF46825-C3CE-4833-8A44-12BA5C131196}"
EndProject
Project("{8BC9CEB8-8B4A-11D0-8D11-00A0C91BC942}") = "HelloHermite", "HelloHermite\HelloHermite.vcxproj", "{C3753547-4A74-49B2-AB4B-5B12C07A3B67}"
EndProject
Project("{8BC9CEB8-8B4A-11D0-8D11-00A0C91BC942}") = "HelloCollision", "HelloCollision\HelloCollision.vcxproj", "{34B403E3-E2E8-4EF2-9EDD-C6BDC9F64D78}"
EndProject
Project("{8BC9CEB8-8B4A-11D0-8D11-00A0C91BC942}") = "HelloCCD", "HelloCCD\HelloCCD.vcxproj", "{00872209-5FD4-491F-91CB-B58F9975465C}"
EndProject
Project("{2150E333-8FDC-42A3-9474-1A3956D46DE8}") = "RTS", "RTS", "{27E41DD7-7DFF-49A0-9F7D-14F5ADBDAA3E}"
EndProject
Global
	GlobalSection(SolutionConfigurationPlatforms) = preSolution
		Debug|x64 = Debug|x64
		Debug|x86 = Debug|x86
		Release|x64 = Release|x64
		Release|x86 = Release|x86
	EndGlobalSection
	GlobalSection(ProjectConfigurationPlatforms) = postSolution
		{6682BFD4-C79F-49BD-A114-6EE8FB79E8C3}.Debug|x64.ActiveCfg = Debug|x64
		{6682BFD4-C79F-49BD-A114-6EE8FB79E8C3}.Debug|x64.Build.0 = Debug|x64
		{6682BFD4-C79F-49BD-A114-6EE8FB79E8C3}.Debug|x86.ActiveCfg = Debug|Win32
		{6682BFD4-C79F-49BD-A114-6EE8FB79E8C3}.Debug|x86.Build.0 = Debug|Win32
		{6682BFD4-C79F-49BD-A114-6EE8FB79E8C3}.Release|x64.ActiveCfg = Release|x64
		{6682BFD4-C79F-49BD-A114-6EE8FB79E8C3}.Release|x64.Build.0 = Release|x64
		{6682BFD4-C79F-49BD-A114-6EE8FB79E8C3}.Release|x86.ActiveCfg = Release|Win32
		{6682BFD4-C79F-49BD-A114-6EE8FB79E8C3}.Release|x86.Build.0 = Release|Win32
		{EB5B5272-E5BD-4C62-AA4D-CE7A2F6AE841}.Debug|x64.ActiveCfg = Debug|x64
		{EB5B5272-E5BD-4C62-AA4D-CE7A2F6AE841}.Debug|x64.Build.0 = Debug|x64
		{EB5B5272-E5BD-4C62-AA4D-CE7A2F6AE841}.Debug|x86.ActiveCfg = Debug|Win32
		{EB5B5272-E5BD-4C62-AA4D-CE7A2F6AE841}.Debug|x86.Build.0 = Debug|Win32
		{EB5B5272-E5BD-4C62-AA4D-CE7A2F6AE841}.Release|x64.ActiveCfg = Release|x64
		{EB5B5272-E5BD-4C62-AA4D-CE7A2F6AE841}.Release|x64.Build.0 = Release|x64
		{EB5B5272-E5BD-4C62-AA4D-CE7A2F6AE841}.Release|x86.ActiveCfg = Release|Win32
		{EB5B5272-E5BD-4C62-AA4D-CE7A2F6AE841}.Release|x86.Build.0 = Release|Win32
		{9895E18B-E4D6-4376-87E3-49CF66A0AAC6}.Debug|x64.ActiveCfg = Debug|x64
		{9895E18B-E4D6-4376-87E3-49CF66A0AAC6}.Debug|x64.Build.0 = Debug|x64
		{9895E18B-E4D6-4376-87E3-49CF66A0AAC6}.Debug|x86.ActiveCfg = Debug|Win32
		{9895E18B-E4D6-4376-87E3-49CF66A0AAC6}.Debug|x86.Build.0 = Debug|Win32
		{9895E18B-E4D6-4376-87E3-49CF66A0AAC6}.Release|x64.ActiveCfg = Release|x64
		{9895E18B-E4D6-4376-87E3-49CF66A0AAC6}.Release|x64.Build.0 = Release|x64
		{9895E18B-E4D6-4376-87E3-49CF66A0AAC6}.Release|x86.ActiveCfg = Release|Win32
		{9895E18B-E4D6-4376-87E3-49CF66A0AAC6}.Release|x86.Build.0 = Release|Win32
		{E0B52AE7-E160-4D32-BF3F-910B785E5A8E}.Debug|x64.ActiveCfg = Debug|x64
		{E0B52AE7-E160-4D32-BF3F-910B785E5A8E}.Debug|x64.Build.0 = Debug|x64
		{E0B52AE7-E160-4D32-BF3F-910B785E5A8E}.Debug|x86.ActiveCfg = Debug|Win32
		{E0B52AE7-E160-4D32-BF3F-910B785E5A8E}.Debug|x86.Build.0 = Debug|Win32
		{E0B52AE7-E160-4D32-BF3F-910B785E5A8E}.Release|x64.ActiveCfg = Release|x64
		{E0B52AE7-E160-4D32-BF3F-910B785E5A8E}.Release|x64.Build.0 = Release|x64
		{E0B52AE7-E160-4D32-BF3F-910B785E5A8E}.Release|x86.ActiveCfg = Release|Win32
		{E0B52AE7-E160-4D32-BF3F-910B785E5A8E}.Release|x86.Build.0 = Release|Win32
		{3DED2BFA-B999-4D4F-A17D-D9192C4D883F}.Debug|x64.ActiveCfg = Debug|x64
		{3DED2BFA-B999-4D4F-A17D-D9192C4D883F}.Debug|x64.Build.0 = Debug|x64
		{3DED2BFA-B999-4D4F-A17D-D9192C4D883F}.Debug|x86.ActiveCfg = Debug|Win32
		{3DED2BFA-B999-4D4F-A17D-D9192C4D883F}.Debug|x86.Build.0 = Debug|Win32
		{3DED2BFA-B999-4D4F-A17D-D9192C4D883F}.Release|x64.ActiveCfg = Release|x64
		{3DED2BFA-B999-4D4F-A17D-D9192C4D883F}.Release|x64.Build.0 = Release|x64
		{3DED2BFA-B999-4D4F-A17D-D9192C4D883F}.Release|x86.ActiveCfg = Release|Win32
		{3DED2BFA-B999-4D4F-A17D-D9192C4D883F}.Release|x86.Build.0 = Release|Win32
		{3F11736E-0631-4DFF-BA62-038A79CD881A}.Debug|x64.ActiveCfg = Debug|x64
		{3F11736E-0631-4DFF-BA62-038A79CD881A}.Debug|x64.Build.0 = Debug|x64
		{3F11736E-0631-4DFF-BA62-038A79CD881A}.Debug|x86.ActiveCfg = Debug|Win32
		{3F11736E-0631-4DFF-BA62-038A79CD881A}.Debug|x86.Build.0 = Debug|Win32
		{3F11736E-0631-4DFF-BA62-038A79CD881A}.Release|x64.ActiveCfg = Release|x64
		{3F11736E-0631-4DFF-BA62-038A79CD881A}.Release|x64.Build.0 = Release|x64
		{3F11736E-0631-4DFF-BA62-038A79CD881A}.Release|x86.ActiveCfg = Release|Win32
		{3F11736E-0631-4DFF-BA62-038A79CD881A}.Release|x86.Build.0 = Release|Win32
		{D904F5E5-B96D-45F0-A159-DE8C927FF554}.Debug|x64.ActiveCfg = Debug|x64
		{D904F5E5-B96D-45F0-A159-DE8C927FF554}.Debug|x64.Build.0 = Debug|x64
		{D904F5E5-B96D-45F0-A159-DE8C927FF554}.Debug|x86.ActiveCfg = Debug|Win32
		{D904F5E5-B96D-45F0-A159-DE8C927FF554}.Debug|x86.Build.0 = Debug|Win32
		{D904F5E5-B96D-45F0-A159-DE8C927FF554}.Release|x64.ActiveCfg = Release|x64
		{D904F5E5-B96D-45F0-A159-DE8C927FF554}.Release|x64.Build.0 = Release|x64
		{D904F5E5-B96D-45F0-A159-DE8C927FF554}.Release|x86.ActiveCfg = Release|Win32
		{D904F5E5-B96D-45F0-A159-DE8C927FF554}.Release|x86.Build.0 = Release|Win32
		{8BAA3676-E5BB-4E1F-93D5-E6C9CF49F677}.Debug|x64.ActiveCfg = Debug|x64
		{8BAA3676-E5BB-4E1F-93D5-E6C9CF49F677}.Debug|x64.Build.0 = Debug|x64
		{8BAA3676-E5BB-4E1F-93D5-E6C9CF49F677}.Debug|x86.ActiveCfg = Debug|Win32
		{8BAA3676-E5BB-4E1F-93D5-E6C9CF49F677}.Debug|x86.Build.0 = Debug|Win32
		{8BAA3676-E5BB-4E1F-93D5-E6C9CF49F677}.Release|x64.ActiveCfg = Release|x64
		{8BAA3676-E5BB-4E1F-93D5-E6C9CF49F677}.Release|x64.Build.0 = Release|x64
		{8BAA3676-E5BB-4E1F-93D5-E6C9CF49F677}.Release|x86.ActiveCfg = Release|Win32
		{8BAA3676-E5BB-4E1F-93D5-E6C9CF49F677}.Release|x86.Build.0 = Release|Win32
		{D1936A74-BCB9-4615-8BBE-529592CFAA68}.Debug|x64.ActiveCfg = Debug|x64
		{D1936A74-BCB9-4615-8BBE-529592CFAA68}.Debug|x64.Build.0 = Debug|x64
		{D1936A74-BCB9-4615-8BBE-529592CFAA68}.Debug|x86.ActiveCfg = Debug|Win32
		{D1936A74-BCB9-4615-8BBE-529592CFAA68}.Debug|x86.Build.0 = Debug|Win32
		{D1936A74-BCB9-4615-8BBE-529592CFAA68}.Release|x64.ActiveCfg = Release|x64
		{D1936A74-BCB9-4615-8BBE-529592CFAA68}.Release|x64.Build.0 = Release|x64
		{D1936A74-BCB9-4615-8BBE-529592CFAA68}.Release|x86.ActiveCfg = Release|Win32
		{D1936A74-BCB9-4615-8BBE-529592CFAA68}.Release|x86.Build.0 = Release|Win32
		{94AB7501-768D-4988-82E8-B5CA0A207C69}.Debug|x64.ActiveCfg = Debug|x64
		{94AB7501-768D-4988-82E8-B5CA0A207C69}.Debug|x64.Build.0 = Debug|x64
		{94AB7501-768D-4988-82E8-B5CA0A207C69}.Debug|x86.ActiveCfg = Debug|Win32
		{94AB7501-768D-4988-82E8-B5CA0A207C69}.Debug|x86.Build.0 = Debug|Win32
		{94AB7501-768D-4988-82E8-B5CA0A207C69}.Release|x64.ActiveCfg = Release|x64
		{94AB7501-768D-4988-82E8-B5CA0A207C69}.Release|x64.Build.0 = Release|x64
		{94AB7501-768D-4988-82E8-B5CA0A207C69}.Release|x86.ActiveCfg = Release|Win32
		{94AB7501-768D-4988-82E8-B5CA0A207C69}.Release|x86.Build.0 = Release|Win32
		{7A163699-B836-42B9-8B3E-D686B0F00DBE}.Debug|x64.ActiveCfg = Debug|x64
		{7A163699-B836-42B9-8B3E-D686B0F00DBE}.Debug|x64.Build.0 = Debug|x64
		{7A163699-B836-42B9-8B3E-D686B0F00DBE}.Debug|x86.ActiveCfg = Debug|Win32
		{7A163699-B836-42B9-8B3E-D686B0F00DBE}.Debug|x86.Build.0 = Debug|Win32
		{7A163699-B836-42B9-8B3E-D686B0F00DBE}.Release|x64.ActiveCfg = Release|x64
		{7A163699-B836-42B9-8B3E-D686B0F00DBE}.Release|x64.Build.0 = Release|x64
		{7A163699-B836-42B9-8B3E-D686B0F00DBE}.Release|x86.ActiveCfg = Release|Win32
		{7A163699-B836-42B9-8B3E-D686B0F00DBE}.Release|x86.Build.0 = Release|Win32
		{61976813-9A9F-4027-9BF1-A844341E4F4B}.Debug|x64.ActiveCfg = Debug|x64
		{61976813-9A9F-4027-9BF1-A844341E4F4B}.Debug|x64.Build.0 = Debug|x64
		{61976813-9A9F-4027-9BF1-A844341E4F4B}.Debug|x86.ActiveCfg = Debug|Win32
		{61976813-9A9F-4027-9BF1-A844341E4F4B}.Debug|x86.Build.0 = Debug|Win32
		{61976813-9A9F-4027-9BF1-A844341E4F4B}.Release|x64.ActiveCfg = Release|x64
		{61976813-9A9F-4027-9BF1-A844341E4F4B}.Release|x64.Build.0 = Release|x64
		{61976813-9A9F-4027-9BF1-A844341E4F4B}.Release|x86.ActiveCfg = Release|Win32
		{61976813-9A9F-4027-9BF1-A844341E4F4B}.Release|x86.Build.0 = Release|Win32
		{554621AE-2DBD-457F-A02A-EEE91989A825}.Debug|x64.ActiveCfg = Debug|x64
		{554621AE-2DBD-457F-A02A-EEE91989A825}.Debug|x64.Build.0 = Debug|x64
		{554621AE-2DBD-457F-A02A-EEE91989A825}.Debug|x86.ActiveCfg = Debug|Win32
		{554621AE-2DBD-457F-A02A-EEE91989A825}.Debug|x86.Build.0 = Debug|Win32
		{554621AE-2DBD-457F-A02A-EEE91989A825}.Release|x64.ActiveCfg = Release|x64
		{554621AE-2DBD-457F-A02A-EEE91989A825}.Release|x64.Build.0 = Release|x64
		{554621AE-2DBD-457F-A02A-EEE91989A825}.Release|x86.ActiveCfg = Release|Win32
		{554621AE-2DBD-457F-A02A-EEE91989A825}.Release|x86.Build.0 = Release|Win32
		{EA8822F0-B037-4E59-B25B-CD94DEAEC741}.Debug|x64.ActiveCfg = Debug|x64
		{EA8822F0-B037-4E59-B25B-CD94DEAEC741}.Debug|x64.Build.0 = Debug|x64
		{EA8822F0-B037-4E59-B25B-CD94DEAEC741}.Debug|x86.ActiveCfg = Debug|Win32
		{EA8822F0-B037-4E59-B25B-CD94DEAEC741}.Debug|x86.Build.0 = Debug|Win32
		{EA8822F0-B037-4E59-B25B-CD94DEAEC741}.Release|x64.ActiveCfg = Release|x64
		{EA8822F0-B037-4E59-B25B-CD94DEAEC741}.Release|x64.Build.0 = Release|x64
		{EA8822F0-B037-4E59-B25B-CD94DEAEC741}.Release|x86.ActiveCfg = Release|Win32
		{EA8822F0-B037-4E59-B25B-CD94DEAEC741}.Release|x86.Build.0 = Release|Win32
		{3DF46825-C3CE-4833-8A44-12BA5C131196}.Debug|x64.ActiveCfg = Debug|x64
		{3DF46825-C3CE-4833-8A44-12BA5C131196}.Debug|x64.Build.0 = Debug|x64
		{3DF46825-C3CE-4833-8A44-12BA5C131196}.Debug|x86.ActiveCfg = Debug|Win32
		{3DF46825-C3CE-4833-8A44-12BA5C131196}.Debug|x86.Build.0 = Debug|Win32
		{3DF46825-C3CE-4833-8A44-12BA5C131196}.Release|x64.ActiveCfg = Release|x64
		{3DF46825-C3CE-4833-8A44-12BA5C131196}.Release|x64.Build.0 = Release|x64
		{3DF46825-C3CE-4833-8A44-12BA5C131196}.Release|x86.ActiveCfg = Release|Win32
		{3DF46825-C3CE-4833-8A44-12BA5C131196}.Release|x86.Build.0 = Release|Win32
		{C3753547-4A74-49B2-AB4B-5B12C07A3B67}.Debug|x64.ActiveCfg = Debug|x64
		{C3753547-4A74-49B2-AB4B-5B12C07A3B67}.Debug|x64.Build.0 = Debug|x64
		{C3753547-4A74-49B2-AB4B-5B12C07A3B67}.Debug|x86.ActiveCfg = Debug|Win32
		{C3753547-4A74-49B2-AB4B-5B12C07A3B67}.Debug|x86.Build.0 = Debug|Win32
		{C3753547-4A74-49B2-AB4B-5B12C07A3B67}.Release|x64.ActiveCfg = Release|x64
		{C3753547-4A74-49B2-AB4B-5B12C07A3B67}.Release|x64.Build.0 = Release|x64
		{C3753547-4A74-49B2-AB4B-5B12C07A3B67}.Release|x86.ActiveCfg = Release|Win32
		{C3753547-4A74-49B2-AB4B-5B12C07A3B67}.Release|x86.Build.0 = Release|Win32
		{34B403E3-E2E8-4EF2-9EDD-C6BDC9F64D78}.Debug|x64.ActiveCfg = Debug|x64
		{34B403E3-E2E8-4EF2-9EDD-C6BDC9F64D78}.Debug|x64.Build.0 = Debug|x64
		{34B403E3-E2E8-4EF2-9EDD-C6BDC9F64D78}.Debug|x86.ActiveCfg = Debug|Win32
		{34B403E3-E2E8-4EF2-9EDD-C6BDC9F64D78}.Debug|x86.Build.0 = Debug|Win32
		{34B403E3-E2E8-4EF2-9EDD-C6BDC9F64D78}.Release|x64.ActiveCfg = Release|x64
		{34B403E3-E2E8-4EF2-9EDD-C6BDC9F64D78}.Release|x64.Build.0 = Release|x64
		{34B403E3-E2E8-4EF2-9EDD-C6BDC9F64D78}.Release|x86.ActiveCfg = Release|Win32
		{34B403E3-E2E8-4EF2-9EDD-C6BDC9F64D78}.Release|x86.Build.0 = Release|Win32
		{00872209-5FD4-491F-91CB-B58F9975465C}.Debug|x64.ActiveCfg = Debug|x64
		{00872209-5FD4-491F-91CB-B58F9975465C}.Debug|x64.Build.0 = Debug|x64
		{00872209-5FD4-491F-91CB-B58F9975465C}.Debug|x86.ActiveCfg = Debug|Win32
		{00872209-5FD4-491F-91CB-B58F9975465C}.Debug|x86.Build.0 = Debug|Win32
		{00872209-5FD4-491F-91CB-B58F9975465C}.Release|x64.ActiveCfg = Release|x64
		{00872209-5FD4-491F-91CB-B58F9975465C}.Release|x64.Build.0 = Release|x64
		{00872209-5FD4-491F-91CB-B58F9975465C}.Release|x86.ActiveCfg = Release|Win32
		{00872209-5FD4-491F-91CB-B58F9975465C}.Release|x86.Build.0 = Release|Win32
	EndGlobalSection
	GlobalSection(SolutionProperties) = preSolution
		HideSolutionNode = FALSE
	EndGlobalSection
	GlobalSection(NestedProjects) = preSolution
		{EB5B5272-E5BD-4C62-AA4D-CE7A2F6AE841} = {B23545E6-D618-46D6-9E0F-F314839BFA2B}
		{9895E18B-E4D6-4376-87E3-49CF66A0AAC6} = {B23545E6-D618-46D6-9E0F-F314839BFA2B}
		{E0B52AE7-E160-4D32-BF3F-910B785E5A8E} = {856ED680-E9A4-400F-ADFF-D3C492DCA608}
		{3DED2BFA-B999-4D4F-A17D-D9192C4D883F} = {B23545E6-D618-46D6-9E0F-F314839BFA2B}
		{3F11736E-0631-4DFF-BA62-038A79CD881A} = {369A9CDC-7297-4660-8EF5-B38AB26D02CD}
		{8BAA3676-E5BB-4E1F-93D5-E6C9CF49F677} = {369A9CDC-7297-4660-8EF5-B38AB26D02CD}
		{D1936A74-BCB9-4615-8BBE-529592CFAA68} = {369A9CDC-7297-4660-8EF5-B38AB26D02CD}
		{94AB7501-768D-4988-82E8-B5CA0A207C69} = {B23545E6-D618-46D6-9E0F-F314839BFA2B}
		{7A163699-B836-42B9-8B3E-D686B0F00DBE} = {369A9CDC-7297-4660-8EF5-B38AB26D02CD}
		{554621AE-2DBD-457F-A02A-EEE91989A825} = {B3D381DD-27A4-44DC-90CE-136617968BCC}
		{369A9CDC-7297-4660-8EF5-B38AB26D02CD} = {F6E69CB6-E810-42FC-9BC0-475FC6AF2D1A}
		{B3D381DD-27A4-44DC-90CE-136617968BCC} = {F6E69CB6-E810-42FC-9BC0-475FC6AF2D1A}
		{EA8822F0-B037-4E59-B25B-CD94DEAEC741} = {B3D381DD-27A4-44DC-90CE-136617968BCC}
		{3DF46825-C3CE-4833-8A44-12BA5C131196} = {B3D381DD-27A4-44DC-90CE-136617968BCC}
		{C3753547-4A74-49B2-AB4B-5B12C07A3B67} = {B3D381DD-27A4-44DC-90CE-136617968BCC}
		{34B403E3-E2E8-4EF2-9EDD-C6BDC9F64D78} = {B3D381DD-27A4-44DC-90CE-136617968BCC}
		{00872209-5FD4-491F-91CB-B58F9975465C} = {B3D381DD-27A4-44DC-90CE-136617968BCC}
	EndGlobalSection
	GlobalSection(ExtensibilityGlobals) = postSolution
		SolutionGuid = {EDA22C59-2DC3-4EDE-9BDF-F31960050E85}
	EndGlobalSection
	GlobalSection(TeamFoundationVersionControl) = preSolution
		SccNumberOfProjects = 1
		SccEnterpriseProvider = {4CA58AB2-18FA-4F8D-95D4-32DDF27D184C}
		SccTeamFoundationServer = https://saltylanguage.visualstudio.com/
		SccProjectUniqueName0 = X\\External\\DirectXTK\\DirectXTK_Desktop_2015.vcxproj
		SccProjectTopLevelParentUniqueName0 = X.sln
		SccProjectName0 = X/External/DirectXTK
		SccAuxPath0 = https://saltylanguage.visualstudio.com
		SccLocalPath0 = X\\External\\DirectXTK
		SccProvider0 = {4CA58AB2-18FA-4F8D-95D4-32DDF27D184C}
	EndGlobalSection
EndGlobal
